
Microsoft Visual Studio Solution File, Format Version 12.00
# Visual Studio Version 16
VisualStudioVersion = 16.0.32106.194
MinimumVisualStudioVersion = 10.0.40219.1
Project("{FAE04EC0-301F-11D3-BF4B-00C04F79EFBC}") = "WindowsFormsPreviewTool", "WindowsFormsPreviewTool.csproj", "{F48B579B-4C67-4417-B50B-84EE6982DDB4}"
EndProject
Global
	GlobalSection(SolutionConfigurationPlatforms) = preSolution
		Debug|Any CPU = Debug|Any CPU
		Release|Any CPU = Release|Any CPU
	EndGlobalSection
	GlobalSection(ProjectConfigurationPlatforms) = postSolution
		{F48B579B-4C67-4417-B50B-84EE6982DDB4}.Debug|Any CPU.ActiveCfg = Debug|Any CPU
		{F48B579B-4C67-4417-B50B-84EE6982DDB4}.Debug|Any CPU.Build.0 = Debug|Any CPU
		{F48B579B-4C67-4417-B50B-84EE6982DDB4}.Release|Any CPU.ActiveCfg = Release|Any CPU
		{F48B579B-4C67-4417-B50B-84EE6982DDB4}.Release|Any CPU.Build.0 = Release|Any CPU
	EndGlobalSection
	GlobalSection(SolutionProperties) = preSolution
		HideSolutionNode = FALSE
	EndGlobalSection
	GlobalSection(ExtensibilityGlobals) = postSolution
		SolutionGuid = {A465E6A5-23B3-4B3D-BEF5-D8424B61F1F9}
	EndGlobalSection
EndGlobal
